// !$*UTF8*$!
{
	archiveVersion = 1;
	classes = {
	};
	objectVersion = 50;
	objects = {

/* Begin PBXBuildFile section */
		83D062D308F3A2C0A3AA45C6 /* Pods_VimeoSampleProject.framework in Frameworks */ = {isa = PBXBuildFile; fileRef = 4C5F94504A734EFAEE7F354E /* Pods_VimeoSampleProject.framework */; };
		948AE5B123EDD56E0041929D /* AppDelegate.swift in Sources */ = {isa = PBXBuildFile; fileRef = 948AE5B023EDD56E0041929D /* AppDelegate.swift */; };
		948AE5B323EDD56E0041929D /* SceneDelegate.swift in Sources */ = {isa = PBXBuildFile; fileRef = 948AE5B223EDD56E0041929D /* SceneDelegate.swift */; };
		948AE5B523EDD56E0041929D /* ViewController.swift in Sources */ = {isa = PBXBuildFile; fileRef = 948AE5B423EDD56E0041929D /* ViewController.swift */; };
		948AE5B823EDD56E0041929D /* Main.storyboard in Resources */ = {isa = PBXBuildFile; fileRef = 948AE5B623EDD56E0041929D /* Main.storyboard */; };
		948AE5BA23EDD5700041929D /* Assets.xcassets in Resources */ = {isa = PBXBuildFile; fileRef = 948AE5B923EDD5700041929D /* Assets.xcassets */; };
		948AE5BD23EDD5700041929D /* LaunchScreen.storyboard in Resources */ = {isa = PBXBuildFile; fileRef = 948AE5BB23EDD5700041929D /* LaunchScreen.storyboard */; };
/* End PBXBuildFile section */

/* Begin PBXFileReference section */
		3F247F8B9E41F2FF7F4C0884 /* Pods-VimeoSampleProject.debug.xcconfig */ = {isa = PBXFileReference; includeInIndex = 1; lastKnownFileType = text.xcconfig; name = "Pods-VimeoSampleProject.debug.xcconfig"; path = "Target Support Files/Pods-VimeoSampleProject/Pods-VimeoSampleProject.debug.xcconfig"; sourceTree = "<group>"; };
		4C5F94504A734EFAEE7F354E /* Pods_VimeoSampleProject.framework */ = {isa = PBXFileReference; explicitFileType = wrapper.framework; includeInIndex = 0; path = Pods_VimeoSampleProject.framework; sourceTree = BUILT_PRODUCTS_DIR; };
		948AE5AD23EDD56E0041929D /* VimeoSampleProject.app */ = {isa = PBXFileReference; explicitFileType = wrapper.application; includeInIndex = 0; path = VimeoSampleProject.app; sourceTree = BUILT_PRODUCTS_DIR; };
		948AE5B023EDD56E0041929D /* AppDelegate.swift */ = {isa = PBXFileReference; lastKnownFileType = sourcecode.swift; path = AppDelegate.swift; sourceTree = "<group>"; };
		948AE5B223EDD56E0041929D /* SceneDelegate.swift */ = {isa = PBXFileReference; lastKnownFileType = sourcecode.swift; path = SceneDelegate.swift; sourceTree = "<group>"; };
		948AE5B423EDD56E0041929D /* ViewController.swift */ = {isa = PBXFileReference; lastKnownFileType = sourcecode.swift; path = ViewController.swift; sourceTree = "<group>"; };
		948AE5B723EDD56E0041929D /* Base */ = {isa = PBXFileReference; lastKnownFileType = file.storyboard; name = Base; path = Base.lproj/Main.storyboard; sourceTree = "<group>"; };
		948AE5B923EDD5700041929D /* Assets.xcassets */ = {isa = PBXFileReference; lastKnownFileType = folder.assetcatalog; path = Assets.xcassets; sourceTree = "<group>"; };
		948AE5BC23EDD5700041929D /* Base */ = {isa = PBXFileReference; lastKnownFileType = file.storyboard; name = Base; path = Base.lproj/LaunchScreen.storyboard; sourceTree = "<group>"; };
		948AE5BE23EDD5700041929D /* Info.plist */ = {isa = PBXFileReference; lastKnownFileType = text.plist.xml; path = Info.plist; sourceTree = "<group>"; };
		CBA6A8E62BB6F05F11677334 /* Pods-VimeoSampleProject.release.xcconfig */ = {isa = PBXFileReference; includeInIndex = 1; lastKnownFileType = text.xcconfig; name = "Pods-VimeoSampleProject.release.xcconfig"; path = "Target Support Files/Pods-VimeoSampleProject/Pods-VimeoSampleProject.release.xcconfig"; sourceTree = "<group>"; };
/* End PBXFileReference section */

/* Begin PBXFrameworksBuildPhase section */
		948AE5AA23EDD56E0041929D /* Frameworks */ = {
			isa = PBXFrameworksBuildPhase;
			buildActionMask = 2147483647;
			files = (
				83D062D308F3A2C0A3AA45C6 /* Pods_VimeoSampleProject.framework in Frameworks */,
			);
			runOnlyForDeploymentPostprocessing = 0;
		};
/* End PBXFrameworksBuildPhase section */

/* Begin PBXGroup section */
		00B7E23BD49E5062C5A3F73D /* Frameworks */ = {
			isa = PBXGroup;
			children = (
				4C5F94504A734EFAEE7F354E /* Pods_VimeoSampleProject.framework */,
			);
			name = Frameworks;
			sourceTree = "<group>";
		};
		3520BB2D9E02556632B5206D /* Pods */ = {
			isa = PBXGroup;
			children = (
				3F247F8B9E41F2FF7F4C0884 /* Pods-VimeoSampleProject.debug.xcconfig */,
				CBA6A8E62BB6F05F11677334 /* Pods-VimeoSampleProject.release.xcconfig */,
			);
			name = Pods;
			path = Pods;
			sourceTree = "<group>";
		};
		948AE5A423EDD56E0041929D = {
			isa = PBXGroup;
			children = (
				948AE5AF23EDD56E0041929D /* VimeoSampleProject */,
				948AE5AE23EDD56E0041929D /* Products */,
				3520BB2D9E02556632B5206D /* Pods */,
				00B7E23BD49E5062C5A3F73D /* Frameworks */,
			);
			sourceTree = "<group>";
		};
		948AE5AE23EDD56E0041929D /* Products */ = {
			isa = PBXGroup;
			children = (
				948AE5AD23EDD56E0041929D /* VimeoSampleProject.app */,
			);
			name = Products;
			sourceTree = "<group>";
		};
		948AE5AF23EDD56E0041929D /* VimeoSampleProject */ = {
			isa = PBXGroup;
			children = (
				948AE5B023EDD56E0041929D /* AppDelegate.swift */,
				948AE5B223EDD56E0041929D /* SceneDelegate.swift */,
				948AE5B423EDD56E0041929D /* ViewController.swift */,
				948AE5B623EDD56E0041929D /* Main.storyboard */,
				948AE5B923EDD5700041929D /* Assets.xcassets */,
				948AE5BB23EDD5700041929D /* LaunchScreen.storyboard */,
				948AE5BE23EDD5700041929D /* Info.plist */,
			);
			path = VimeoSampleProject;
			sourceTree = "<group>";
		};
/* End PBXGroup section */

/* Begin PBXNativeTarget section */
		948AE5AC23EDD56E0041929D /* VimeoSampleProject */ = {
			isa = PBXNativeTarget;
			buildConfigurationList = 948AE5C123EDD5700041929D /* Build configuration list for PBXNativeTarget "VimeoSampleProject" */;
			buildPhases = (
				F0CF9A24AB78BF1EA49CD2EE /* [CP] Check Pods Manifest.lock */,
				948AE5A923EDD56E0041929D /* Sources */,
				948AE5AA23EDD56E0041929D /* Frameworks */,
				948AE5AB23EDD56E0041929D /* Resources */,
				EC011424B05AC68A80DF854C /* [CP] Embed Pods Frameworks */,
			);
			buildRules = (
			);
			dependencies = (
			);
			name = VimeoSampleProject;
			productName = VimeoSampleProject;
			productReference = 948AE5AD23EDD56E0041929D /* VimeoSampleProject.app */;
			productType = "com.apple.product-type.application";
		};
/* End PBXNativeTarget section */

/* Begin PBXProject section */
		948AE5A523EDD56E0041929D /* Project object */ = {
			isa = PBXProject;
			attributes = {
				LastSwiftUpdateCheck = 1120;
				LastUpgradeCheck = 1120;
				ORGANIZATIONNAME = "Antonio Orozco";
				TargetAttributes = {
					948AE5AC23EDD56E0041929D = {
						CreatedOnToolsVersion = 11.2.1;
					};
				};
			};
			buildConfigurationList = 948AE5A823EDD56E0041929D /* Build configuration list for PBXProject "VimeoSampleProject" */;
			compatibilityVersion = "Xcode 9.3";
			developmentRegion = en;
			hasScannedForEncodings = 0;
			knownRegions = (
				en,
				Base,
			);
			mainGroup = 948AE5A423EDD56E0041929D;
			productRefGroup = 948AE5AE23EDD56E0041929D /* Products */;
			projectDirPath = "";
			projectRoot = "";
			targets = (
				948AE5AC23EDD56E0041929D /* VimeoSampleProject */,
			);
		};
/* End PBXProject section */

/* Begin PBXResourcesBuildPhase section */
		948AE5AB23EDD56E0041929D /* Resources */ = {
			isa = PBXResourcesBuildPhase;
			buildActionMask = 2147483647;
			files = (
				948AE5BD23EDD5700041929D /* LaunchScreen.storyboard in Resources */,
				948AE5BA23EDD5700041929D /* Assets.xcassets in Resources */,
				948AE5B823EDD56E0041929D /* Main.storyboard in Resources */,
			);
			runOnlyForDeploymentPostprocessing = 0;
		};
/* End PBXResourcesBuildPhase section */

/* Begin PBXShellScriptBuildPhase section */
		EC011424B05AC68A80DF854C /* [CP] Embed Pods Frameworks */ = {
			isa = PBXShellScriptBuildPhase;
			buildActionMask = 2147483647;
			files = (
			);
			inputFileListPaths = (
				"${PODS_ROOT}/Target Support Files/Pods-VimeoSampleProject/Pods-VimeoSampleProject-frameworks-${CONFIGURATION}-input-files.xcfilelist",
			);
			name = "[CP] Embed Pods Frameworks";
			outputFileListPaths = (
				"${PODS_ROOT}/Target Support Files/Pods-VimeoSampleProject/Pods-VimeoSampleProject-frameworks-${CONFIGURATION}-output-files.xcfilelist",
			);
			runOnlyForDeploymentPostprocessing = 0;
			shellPath = /bin/sh;
			shellScript = "\"${PODS_ROOT}/Target Support Files/Pods-VimeoSampleProject/Pods-VimeoSampleProject-frameworks.sh\"\n";
			showEnvVarsInLog = 0;
		};
		F0CF9A24AB78BF1EA49CD2EE /* [CP] Check Pods Manifest.lock */ = {
			isa = PBXShellScriptBuildPhase;
			buildActionMask = 2147483647;
			files = (
			);
			inputFileListPaths = (
			);
			inputPaths = (
				"${PODS_PODFILE_DIR_PATH}/Podfile.lock",
				"${PODS_ROOT}/Manifest.lock",
			);
			name = "[CP] Check Pods Manifest.lock";
			outputFileListPaths = (
			);
			outputPaths = (
				"$(DERIVED_FILE_DIR)/Pods-VimeoSampleProject-checkManifestLockResult.txt",
			);
			runOnlyForDeploymentPostprocessing = 0;
			shellPath = /bin/sh;
			shellScript = "diff \"${PODS_PODFILE_DIR_PATH}/Podfile.lock\" \"${PODS_ROOT}/Manifest.lock\" > /dev/null\nif [ $? != 0 ] ; then\n    # print error to STDERR\n    echo \"error: The sandbox is not in sync with the Podfile.lock. Run 'pod install' or update your CocoaPods installation.\" >&2\n    exit 1\nfi\n# This output is used by Xcode 'outputs' to avoid re-running this script phase.\necho \"SUCCESS\" > \"${SCRIPT_OUTPUT_FILE_0}\"\n";
			showEnvVarsInLog = 0;
		};
/* End PBXShellScriptBuildPhase section */

/* Begin PBXSourcesBuildPhase section */
		948AE5A923EDD56E0041929D /* Sources */ = {
			isa = PBXSourcesBuildPhase;
			buildActionMask = 2147483647;
			files = (
				948AE5B523EDD56E0041929D /* ViewController.swift in Sources */,
				948AE5B123EDD56E0041929D /* AppDelegate.swift in Sources */,
				948AE5B323EDD56E0041929D /* SceneDelegate.swift in Sources */,
			);
			runOnlyForDeploymentPostprocessing = 0;
		};
/* End PBXSourcesBuildPhase section */

/* Begin PBXVariantGroup section */
		948AE5B623EDD56E0041929D /* Main.storyboard */ = {
			isa = PBXVariantGroup;
			children = (
				948AE5B723EDD56E0041929D /* Base */,
			);
			name = Main.storyboard;
			sourceTree = "<group>";
		};
		948AE5BB23EDD5700041929D /* LaunchScreen.storyboard */ = {
			isa = PBXVariantGroup;
			children = (
				948AE5BC23EDD5700041929D /* Base */,
			);
			name = LaunchScreen.storyboard;
			sourceTree = "<group>";
		};
/* End PBXVariantGroup section */

/* Begin XCBuildConfiguration section */
		948AE5BF23EDD5700041929D /* Debug */ = {
			isa = XCBuildConfiguration;
			buildSettings = {
				ALWAYS_SEARCH_USER_PATHS = NO;
				CLANG_ANALYZER_NONNULL = YES;
				CLANG_ANALYZER_NUMBER_OBJECT_CONVERSION = YES_AGGRESSIVE;
				CLANG_CXX_LANGUAGE_STANDARD = "gnu++14";
				CLANG_CXX_LIBRARY = "libc++";
				CLANG_ENABLE_MODULES = YES;
				CLANG_ENABLE_OBJC_ARC = YES;
				CLANG_ENABLE_OBJC_WEAK = YES;
				CLANG_WARN_BLOCK_CAPTURE_AUTORELEASING = YES;
				CLANG_WARN_BOOL_CONVERSION = YES;
				CLANG_WARN_COMMA = YES;
				CLANG_WARN_CONSTANT_CONVERSION = YES;
				CLANG_WARN_DEPRECATED_OBJC_IMPLEMENTATIONS = YES;
				CLANG_WARN_DIRECT_OBJC_ISA_USAGE = YES_ERROR;
				CLANG_WARN_DOCUMENTATION_COMMENTS = YES;
				CLANG_WARN_EMPTY_BODY = YES;
				CLANG_WARN_ENUM_CONVERSION = YES;
				CLANG_WARN_INFINITE_RECURSION = YES;
				CLANG_WARN_INT_CONVERSION = YES;
				CLANG_WARN_NON_LITERAL_NULL_CONVERSION = YES;
				CLANG_WARN_OBJC_IMPLICIT_RETAIN_SELF = YES;
				CLANG_WARN_OBJC_LITERAL_CONVERSION = YES;
				CLANG_WARN_OBJC_ROOT_CLASS = YES_ERROR;
				CLANG_WARN_RANGE_LOOP_ANALYSIS = YES;
				CLANG_WARN_STRICT_PROTOTYPES = YES;
				CLANG_WARN_SUSPICIOUS_MOVE = YES;
				CLANG_WARN_UNGUARDED_AVAILABILITY = YES_AGGRESSIVE;
				CLANG_WARN_UNREACHABLE_CODE = YES;
				CLANG_WARN__DUPLICATE_METHOD_MATCH = YES;
				COPY_PHASE_STRIP = NO;
				DEBUG_INFORMATION_FORMAT = dwarf;
				ENABLE_STRICT_OBJC_MSGSEND = YES;
				ENABLE_TESTABILITY = YES;
				GCC_C_LANGUAGE_STANDARD = gnu11;
				GCC_DYNAMIC_NO_PIC = NO;
				GCC_NO_COMMON_BLOCKS = YES;
				GCC_OPTIMIZATION_LEVEL = 0;
				GCC_PREPROCESSOR_DEFINITIONS = (
					"DEBUG=1",
					"$(inherited)",
				);
				GCC_WARN_64_TO_32_BIT_CONVERSION = YES;
				GCC_WARN_ABOUT_RETURN_TYPE = YES_ERROR;
				GCC_WARN_UNDECLARED_SELECTOR = YES;
				GCC_WARN_UNINITIALIZED_AUTOS = YES_AGGRESSIVE;
				GCC_WARN_UNUSED_FUNCTION = YES;
				GCC_WARN_UNUSED_VARIABLE = YES;
				IPHONEOS_DEPLOYMENT_TARGET = 13.2;
				MTL_ENABLE_DEBUG_INFO = INCLUDE_SOURCE;
				MTL_FAST_MATH = YES;
				ONLY_ACTIVE_ARCH = YES;
				SDKROOT = iphoneos;
				SWIFT_ACTIVE_COMPILATION_CONDITIONS = DEBUG;
				SWIFT_OPTIMIZATION_LEVEL = "-Onone";
			};
			name = Debug;
		};
		948AE5C023EDD5700041929D /* Release */ = {
			isa = XCBuildConfiguration;
			buildSettings = {
				ALWAYS_SEARCH_USER_PATHS = NO;
				CLANG_ANALYZER_NONNULL = YES;
				CLANG_ANALYZER_NUMBER_OBJECT_CONVERSION = YES_AGGRESSIVE;
				CLANG_CXX_LANGUAGE_STANDARD = "gnu++14";
				CLANG_CXX_LIBRARY = "libc++";
				CLANG_ENABLE_MODULES = YES;
				CLANG_ENABLE_OBJC_ARC = YES;
				CLANG_ENABLE_OBJC_WEAK = YES;
				CLANG_WARN_BLOCK_CAPTURE_AUTORELEASING = YES;
				CLANG_WARN_BOOL_CONVERSION = YES;
				CLANG_WARN_COMMA = YES;
				CLANG_WARN_CONSTANT_CONVERSION = YES;
				CLANG_WARN_DEPRECATED_OBJC_IMPLEMENTATIONS = YES;
				CLANG_WARN_DIRECT_OBJC_ISA_USAGE = YES_ERROR;
				CLANG_WARN_DOCUMENTATION_COMMENTS = YES;
				CLANG_WARN_EMPTY_BODY = YES;
				CLANG_WARN_ENUM_CONVERSION = YES;
				CLANG_WARN_INFINITE_RECURSION = YES;
				CLANG_WARN_INT_CONVERSION = YES;
				CLANG_WARN_NON_LITERAL_NULL_CONVERSION = YES;
				CLANG_WARN_OBJC_IMPLICIT_RETAIN_SELF = YES;
				CLANG_WARN_OBJC_LITERAL_CONVERSION = YES;
				CLANG_WARN_OBJC_ROOT_CLASS = YES_ERROR;
				CLANG_WARN_RANGE_LOOP_ANALYSIS = YES;
				CLANG_WARN_STRICT_PROTOTYPES = YES;
				CLANG_WARN_SUSPICIOUS_MOVE = YES;
				CLANG_WARN_UNGUARDED_AVAILABILITY = YES_AGGRESSIVE;
				CLANG_WARN_UNREACHABLE_CODE = YES;
				CLANG_WARN__DUPLICATE_METHOD_MATCH = YES;
				COPY_PHASE_STRIP = NO;
				DEBUG_INFORMATION_FORMAT = "dwarf-with-dsym";
				ENABLE_NS_ASSERTIONS = NO;
				ENABLE_STRICT_OBJC_MSGSEND = YES;
				GCC_C_LANGUAGE_STANDARD = gnu11;
				GCC_NO_COMMON_BLOCKS = YES;
				GCC_WARN_64_TO_32_BIT_CONVERSION = YES;
				GCC_WARN_ABOUT_RETURN_TYPE = YES_ERROR;
				GCC_WARN_UNDECLARED_SELECTOR = YES;
				GCC_WARN_UNINITIALIZED_AUTOS = YES_AGGRESSIVE;
				GCC_WARN_UNUSED_FUNCTION = YES;
				GCC_WARN_UNUSED_VARIABLE = YES;
				IPHONEOS_DEPLOYMENT_TARGET = 13.2;
				MTL_ENABLE_DEBUG_INFO = NO;
				MTL_FAST_MATH = YES;
				SDKROOT = iphoneos;
				SWIFT_COMPILATION_MODE = wholemodule;
				SWIFT_OPTIMIZATION_LEVEL = "-O";
				VALIDATE_PRODUCT = YES;
			};
			name = Release;
		};
		948AE5C223EDD5700041929D /* Debug */ = {
			isa = XCBuildConfiguration;
			baseConfigurationReference = 3F247F8B9E41F2FF7F4C0884 /* Pods-VimeoSampleProject.debug.xcconfig */;
			buildSettings = {
				ASSETCATALOG_COMPILER_APPICON_NAME = AppIcon;
				CODE_SIGN_STYLE = Automatic;
				DEVELOPMENT_TEAM = N6UAGD6F2D;
				INFOPLIST_FILE = VimeoSampleProject/Info.plist;
				LD_RUNPATH_SEARCH_PATHS = (
					"$(inherited)",
					"@executable_path/Frameworks",
				);
				PRODUCT_BUNDLE_IDENTIFIER = "com.antonio-duush-CO.VimeoSampleProject";
				PRODUCT_NAME = "$(TARGET_NAME)";
				SWIFT_VERSION = 5.0;
				TARGETED_DEVICE_FAMILY = "1,2";
			};
			name = Debug;
		};
		948AE5C323EDD5700041929D /* Release */ = {
			isa = XCBuildConfiguration;
			baseConfigurationReference = CBA6A8E62BB6F05F11677334 /* Pods-VimeoSampleProject.release.xcconfig */;
			buildSettings = {
				ASSETCATALOG_COMPILER_APPICON_NAME = AppIcon;
				CODE_SIGN_STYLE = Automatic;
				DEVELOPMENT_TEAM = N6UAGD6F2D;
				INFOPLIST_FILE = VimeoSampleProject/Info.plist;
				LD_RUNPATH_SEARCH_PATHS = (
					"$(inherited)",
					"@executable_path/Frameworks",
				);
				PRODUCT_BUNDLE_IDENTIFIER = "com.antonio-duush-CO.VimeoSampleProject";
				PRODUCT_NAME = "$(TARGET_NAME)";
				SWIFT_VERSION = 5.0;
				TARGETED_DEVICE_FAMILY = "1,2";
			};
			name = Release;
		};
/* End XCBuildConfiguration section */

/* Begin XCConfigurationList section */
		948AE5A823EDD56E0041929D /* Build configuration list for PBXProject "VimeoSampleProject" */ = {
			isa = XCConfigurationList;
			buildConfigurations = (
				948AE5BF23EDD5700041929D /* Debug */,
				948AE5C023EDD5700041929D /* Release */,
			);
			defaultConfigurationIsVisible = 0;
			defaultConfigurationName = Release;
		};
		948AE5C123EDD5700041929D /* Build configuration list for PBXNativeTarget "VimeoSampleProject" */ = {
			isa = XCConfigurationList;
			buildConfigurations = (
				948AE5C223EDD5700041929D /* Debug */,
				948AE5C323EDD5700041929D /* Release */,
			);
			defaultConfigurationIsVisible = 0;
			defaultConfigurationName = Release;
		};
/* End XCConfigurationList section */
	};
	rootObject = 948AE5A523EDD56E0041929D /* Project object */;
}
